
Microsoft Visual Studio Solution File, Format Version 12.00
# Visual Studio Version 16
VisualStudioVersion = 16.0.30523.141
MinimumVisualStudioVersion = 10.0.40219.1
Project("{FAE04EC0-301F-11D3-BF4B-00C04F79EFBC}") = "FormsApp_Bai1", "FormsApp_Bai1\FormsApp_Bai1.csproj", "{E1B1D096-AC1D-446B-B51C-6CF44395B8CD}"
EndProject
Global
	GlobalSection(SolutionConfigurationPlatforms) = preSolution
		Debug|Any CPU = Debug|Any CPU
		Release|Any CPU = Release|Any CPU
	EndGlobalSection
	GlobalSection(ProjectConfigurationPlatforms) = postSolution
		{E1B1D096-AC1D-446B-B51C-6CF44395B8CD}.Debug|Any CPU.ActiveCfg = Debug|Any CPU
		{E1B1D096-AC1D-446B-B51C-6CF44395B8CD}.Debug|Any CPU.Build.0 = Debug|Any CPU
		{E1B1D096-AC1D-446B-B51C-6CF44395B8CD}.Release|Any CPU.ActiveCfg = Release|Any CPU
		{E1B1D096-AC1D-446B-B51C-6CF44395B8CD}.Release|Any CPU.Build.0 = Release|Any CPU
	EndGlobalSection
	GlobalSection(SolutionProperties) = preSolution
		HideSolutionNode = FALSE
	EndGlobalSection
	GlobalSection(ExtensibilityGlobals) = postSolution
		SolutionGuid = {B0F2EB15-8CAC-44E6-94EF-83EFD90EE77D}
	EndGlobalSection
EndGlobal
